
Microsoft Visual Studio Solution File, Format Version 12.00
# Visual Studio Version 16
VisualStudioVersion = 16.0.29009.5
MinimumVisualStudioVersion = 10.0.40219.1
Project("{FAE04EC0-301F-11D3-BF4B-00C04F79EFBC}") = "WebApi2", "WebApi2\WebApi2.csproj", "{6E223178-A2F2-4B47-8D0C-F6538A9F9E35}"
EndProject
Project("{FAE04EC0-301F-11D3-BF4B-00C04F79EFBC}") = "Common", "Common\Common.csproj", "{E987BC82-0268-4BA7-9F61-35D30DD366C2}"
EndProject
Project("{FAE04EC0-301F-11D3-BF4B-00C04F79EFBC}") = "AWSCacheManager", "AWSCacheManager\AWSCacheManager.csproj", "{D4D76BEB-1EBC-498B-A054-AE5F398A49CD}"
EndProject
Global
	GlobalSection(SolutionConfigurationPlatforms) = preSolution
		Debug|Any CPU = Debug|Any CPU
		Release|Any CPU = Release|Any CPU
	EndGlobalSection
	GlobalSection(ProjectConfigurationPlatforms) = postSolution
		{6E223178-A2F2-4B47-8D0C-F6538A9F9E35}.Debug|Any CPU.ActiveCfg = Debug|Any CPU
		{6E223178-A2F2-4B47-8D0C-F6538A9F9E35}.Debug|Any CPU.Build.0 = Debug|Any CPU
		{6E223178-A2F2-4B47-8D0C-F6538A9F9E35}.Release|Any CPU.ActiveCfg = Release|Any CPU
		{6E223178-A2F2-4B47-8D0C-F6538A9F9E35}.Release|Any CPU.Build.0 = Release|Any CPU
		{E987BC82-0268-4BA7-9F61-35D30DD366C2}.Debug|Any CPU.ActiveCfg = Debug|Any CPU
		{E987BC82-0268-4BA7-9F61-35D30DD366C2}.Debug|Any CPU.Build.0 = Debug|Any CPU
		{E987BC82-0268-4BA7-9F61-35D30DD366C2}.Release|Any CPU.ActiveCfg = Release|Any CPU
		{E987BC82-0268-4BA7-9F61-35D30DD366C2}.Release|Any CPU.Build.0 = Release|Any CPU
		{D4D76BEB-1EBC-498B-A054-AE5F398A49CD}.Debug|Any CPU.ActiveCfg = Debug|Any CPU
		{D4D76BEB-1EBC-498B-A054-AE5F398A49CD}.Debug|Any CPU.Build.0 = Debug|Any CPU
		{D4D76BEB-1EBC-498B-A054-AE5F398A49CD}.Release|Any CPU.ActiveCfg = Release|Any CPU
		{D4D76BEB-1EBC-498B-A054-AE5F398A49CD}.Release|Any CPU.Build.0 = Release|Any CPU
	EndGlobalSection
	GlobalSection(SolutionProperties) = preSolution
		HideSolutionNode = FALSE
	EndGlobalSection
	GlobalSection(ExtensibilityGlobals) = postSolution
		SolutionGuid = {F07660D9-0A74-46EA-90EB-61434ED3F560}
	EndGlobalSection
EndGlobal
